
Microsoft Visual Studio Solution File, Format Version 12.00
# Visual Studio 14
VisualStudioVersion = 14.0.25420.1
MinimumVisualStudioVersion = 10.0.40219.1
Project("{D2ABAB84-BF74-430A-B69E-9DC6D40DDA17}") = "MiniProjectCube", "MiniProjectCube\MiniProjectCube.dwproj", "{C88CFCE0-E750-43DB-97C7-E886B614B91B}"
EndProject
Global
	GlobalSection(SolutionConfigurationPlatforms) = preSolution
		Development|Default = Development|Default
	EndGlobalSection
	GlobalSection(ProjectConfigurationPlatforms) = postSolution
		{C88CFCE0-E750-43DB-97C7-E886B614B91B}.Development|Default.ActiveCfg = Development
		{C88CFCE0-E750-43DB-97C7-E886B614B91B}.Development|Default.Build.0 = Development
		{C88CFCE0-E750-43DB-97C7-E886B614B91B}.Development|Default.Deploy.0 = Development
	EndGlobalSection
	GlobalSection(SolutionProperties) = preSolution
		HideSolutionNode = FALSE
	EndGlobalSection
EndGlobal
